
Microsoft Visual Studio Solution File, Format Version 12.00
# Visual Studio Version 17
VisualStudioVersion = 17.8.34511.84
MinimumVisualStudioVersion = 10.0.40219.1
Project("{9A19103F-16F7-4668-BE54-9A1E7A4F7556}") = "lab12dot7", "lab12dot7\lab12dot7.csproj", "{46925280-BDA3-4752-9F1B-68358FF7048C}"
EndProject
Project("{9A19103F-16F7-4668-BE54-9A1E7A4F7556}") = "10lablib", "10lablib\10lablib\10lablib.csproj", "{8AD9997E-246D-4BDB-9CED-7D7F57BD51F0}"
EndProject
Project("{FAE04EC0-301F-11D3-BF4B-00C04F79EFBC}") = "TestProject1", "TestProject1\TestProject1.csproj", "{28924FD0-ED69-4D8A-8455-D50D14CD21B8}"
EndProject
Global
	GlobalSection(SolutionConfigurationPlatforms) = preSolution
		Debug|Any CPU = Debug|Any CPU
		Release|Any CPU = Release|Any CPU
	EndGlobalSection
	GlobalSection(ProjectConfigurationPlatforms) = postSolution
		{46925280-BDA3-4752-9F1B-68358FF7048C}.Debug|Any CPU.ActiveCfg = Debug|Any CPU
		{46925280-BDA3-4752-9F1B-68358FF7048C}.Debug|Any CPU.Build.0 = Debug|Any CPU
		{46925280-BDA3-4752-9F1B-68358FF7048C}.Release|Any CPU.ActiveCfg = Release|Any CPU
		{46925280-BDA3-4752-9F1B-68358FF7048C}.Release|Any CPU.Build.0 = Release|Any CPU
		{8AD9997E-246D-4BDB-9CED-7D7F57BD51F0}.Debug|Any CPU.ActiveCfg = Debug|Any CPU
		{8AD9997E-246D-4BDB-9CED-7D7F57BD51F0}.Debug|Any CPU.Build.0 = Debug|Any CPU
		{8AD9997E-246D-4BDB-9CED-7D7F57BD51F0}.Release|Any CPU.ActiveCfg = Release|Any CPU
		{8AD9997E-246D-4BDB-9CED-7D7F57BD51F0}.Release|Any CPU.Build.0 = Release|Any CPU
		{28924FD0-ED69-4D8A-8455-D50D14CD21B8}.Debug|Any CPU.ActiveCfg = Debug|Any CPU
		{28924FD0-ED69-4D8A-8455-D50D14CD21B8}.Debug|Any CPU.Build.0 = Debug|Any CPU
		{28924FD0-ED69-4D8A-8455-D50D14CD21B8}.Release|Any CPU.ActiveCfg = Release|Any CPU
		{28924FD0-ED69-4D8A-8455-D50D14CD21B8}.Release|Any CPU.Build.0 = Release|Any CPU
	EndGlobalSection
	GlobalSection(SolutionProperties) = preSolution
		HideSolutionNode = FALSE
	EndGlobalSection
	GlobalSection(ExtensibilityGlobals) = postSolution
		SolutionGuid = {8BCA6321-2D3F-4D80-8EFB-5F0CD05EFCF5}
	EndGlobalSection
EndGlobal
